// !$*UTF8*$!
{
	archiveVersion = 1;
	classes = {
	};
	objectVersion = 42;
	objects = {

/* Begin PBXBuildFile section */
		F7521E64113C598000B14E66 /* GAZLTest.cpp in Sources */ = {isa = PBXBuildFile; fileRef = F7521E62113C598000B14E66 /* GAZLTest.cpp */; };
		F7521E68113C598700B14E66 /* GAZLTest.cpp in Sources */ = {isa = PBXBuildFile; fileRef = F7521E62113C598000B14E66 /* GAZLTest.cpp */; };
		F7974F781158035B0021254B /* GAZL.cpp in Sources */ = {isa = PBXBuildFile; fileRef = F7974F761158035B0021254B /* GAZL.cpp */; };
		F7974F791158035B0021254B /* GAZL.h in CopyFiles */ = {isa = PBXBuildFile; fileRef = F7974F771158035B0021254B /* GAZL.h */; };
		F7974F7A1158035B0021254B /* GAZL.cpp in Sources */ = {isa = PBXBuildFile; fileRef = F7974F761158035B0021254B /* GAZL.cpp */; };
		F7974F7B1158035B0021254B /* GAZL.h in CopyFiles */ = {isa = PBXBuildFile; fileRef = F7974F771158035B0021254B /* GAZL.h */; };
		F7974F7C1158035B0021254B /* GAZL.cpp in Sources */ = {isa = PBXBuildFile; fileRef = F7974F761158035B0021254B /* GAZL.cpp */; };
		F7974F7D1158035B0021254B /* GAZL.h in CopyFiles */ = {isa = PBXBuildFile; fileRef = F7974F771158035B0021254B /* GAZL.h */; };
		F7F16595113DD45E00E3BB44 /* GAZLTest.cpp in Sources */ = {isa = PBXBuildFile; fileRef = F7521E62113C598000B14E66 /* GAZLTest.cpp */; };
/* End PBXBuildFile section */

/* Begin PBXBuildRule section */
		F72C41E310F0303D0084B6E6 /* PBXBuildRule */ = {
			isa = PBXBuildRule;
			compilerSpec = com.apple.compilers.gcc.4_0;
			fileType = sourcecode.c;
			isEditable = 1;
			outputFiles = (
			);
		};
		F7EEA9F3111A3E9D00F28AF0 /* PBXBuildRule */ = {
			isa = PBXBuildRule;
			compilerSpec = com.intel.compilers.icc.10_1_0;
			fileType = sourcecode.c;
			isEditable = 1;
			outputFiles = (
			);
		};
		F7F16599113DD45E00E3BB44 /* PBXBuildRule */ = {
			isa = PBXBuildRule;
			compilerSpec = com.apple.compilers.gcc.4_2;
			fileType = sourcecode.c;
			isEditable = 1;
			outputFiles = (
			);
		};
/* End PBXBuildRule section */

/* Begin PBXCopyFilesBuildPhase section */
		8DD76F690486A84900D96B5E /* CopyFiles */ = {
			isa = PBXCopyFilesBuildPhase;
			buildActionMask = 8;
			dstPath = /usr/share/man/man1/;
			dstSubfolderSpec = 0;
			files = (
				F7974F791158035B0021254B /* GAZL.h in CopyFiles */,
			);
			runOnlyForDeploymentPostprocessing = 1;
		};
		F7EEA9F2111A3E9D00F28AF0 /* CopyFiles */ = {
			isa = PBXCopyFilesBuildPhase;
			buildActionMask = 8;
			dstPath = /usr/share/man/man1/;
			dstSubfolderSpec = 0;
			files = (
				F7974F7B1158035B0021254B /* GAZL.h in CopyFiles */,
			);
			runOnlyForDeploymentPostprocessing = 1;
		};
		F7F16597113DD45E00E3BB44 /* CopyFiles */ = {
			isa = PBXCopyFilesBuildPhase;
			buildActionMask = 8;
			dstPath = /usr/share/man/man1/;
			dstSubfolderSpec = 0;
			files = (
				F7974F7D1158035B0021254B /* GAZL.h in CopyFiles */,
			);
			runOnlyForDeploymentPostprocessing = 1;
		};
/* End PBXCopyFilesBuildPhase section */

/* Begin PBXFileReference section */
		F7521E62113C598000B14E66 /* GAZLTest.cpp */ = {isa = PBXFileReference; fileEncoding = 5; lastKnownFileType = sourcecode.cpp.cpp; path = GAZLTest.cpp; sourceTree = "<group>"; };
		F75AD7F0110D224400A2F3B1 /* GAZL */ = {isa = PBXFileReference; explicitFileType = "compiled.mach-o.executable"; includeInIndex = 0; path = GAZL; sourceTree = BUILT_PRODUCTS_DIR; };
		F7974F761158035B0021254B /* GAZL.cpp */ = {isa = PBXFileReference; fileEncoding = 5; lastKnownFileType = sourcecode.cpp.cpp; path = GAZL.cpp; sourceTree = "<group>"; };
		F7974F771158035B0021254B /* GAZL.h */ = {isa = PBXFileReference; fileEncoding = 5; lastKnownFileType = sourcecode.c.h; path = GAZL.h; sourceTree = "<group>"; };
		F7EEA9F7111A3E9D00F28AF0 /* GAZL_ICC */ = {isa = PBXFileReference; explicitFileType = "compiled.mach-o.executable"; includeInIndex = 0; path = GAZL_ICC; sourceTree = BUILT_PRODUCTS_DIR; };
		F7F1659D113DD45E00E3BB44 /* GAZL */ = {isa = PBXFileReference; explicitFileType = "compiled.mach-o.executable"; includeInIndex = 0; path = GAZL; sourceTree = BUILT_PRODUCTS_DIR; };
/* End PBXFileReference section */

/* Begin PBXFrameworksBuildPhase section */
		8DD76F660486A84900D96B5E /* Frameworks */ = {
			isa = PBXFrameworksBuildPhase;
			buildActionMask = 2147483647;
			files = (
			);
			runOnlyForDeploymentPostprocessing = 0;
		};
		F7EEA9F1111A3E9D00F28AF0 /* Frameworks */ = {
			isa = PBXFrameworksBuildPhase;
			buildActionMask = 2147483647;
			files = (
			);
			runOnlyForDeploymentPostprocessing = 0;
		};
		F7F16596113DD45E00E3BB44 /* Frameworks */ = {
			isa = PBXFrameworksBuildPhase;
			buildActionMask = 2147483647;
			files = (
			);
			runOnlyForDeploymentPostprocessing = 0;
		};
/* End PBXFrameworksBuildPhase section */

/* Begin PBXGroup section */
		08FB7794FE84155DC02AAC07 /* SillyVM */ = {
			isa = PBXGroup;
			children = (
				F7974F751158035B0021254B /* src */,
				F7521E62113C598000B14E66 /* GAZLTest.cpp */,
				F75AD7F0110D224400A2F3B1 /* GAZL */,
				F7EEA9F7111A3E9D00F28AF0 /* GAZL_ICC */,
				F7F1659D113DD45E00E3BB44 /* GAZL */,
			);
			name = SillyVM;
			sourceTree = "<group>";
		};
		F7974F751158035B0021254B /* src */ = {
			isa = PBXGroup;
			children = (
				F7974F761158035B0021254B /* GAZL.cpp */,
				F7974F771158035B0021254B /* GAZL.h */,
			);
			name = src;
			path = ../src;
			sourceTree = "<group>";
		};
/* End PBXGroup section */

/* Begin PBXNativeTarget section */
		8DD76F620486A84900D96B5E /* GAZL */ = {
			isa = PBXNativeTarget;
			buildConfigurationList = 1DEB923108733DC60010E9CD /* Build configuration list for PBXNativeTarget "GAZL" */;
			buildPhases = (
				8DD76F640486A84900D96B5E /* Sources */,
				8DD76F660486A84900D96B5E /* Frameworks */,
				8DD76F690486A84900D96B5E /* CopyFiles */,
			);
			buildRules = (
				F72C41E310F0303D0084B6E6 /* PBXBuildRule */,
			);
			dependencies = (
			);
			name = GAZL;
			productInstallPath = "$(HOME)/bin";
			productName = SillyVM;
			productReference = F75AD7F0110D224400A2F3B1 /* GAZL */;
			productType = "com.apple.product-type.tool";
		};
		F7EEA9EE111A3E9D00F28AF0 /* GAZL_ICC */ = {
			isa = PBXNativeTarget;
			buildConfigurationList = F7EEA9F4111A3E9D00F28AF0 /* Build configuration list for PBXNativeTarget "GAZL_ICC" */;
			buildPhases = (
				F7EEA9EF111A3E9D00F28AF0 /* Sources */,
				F7EEA9F1111A3E9D00F28AF0 /* Frameworks */,
				F7EEA9F2111A3E9D00F28AF0 /* CopyFiles */,
			);
			buildRules = (
				F7EEA9F3111A3E9D00F28AF0 /* PBXBuildRule */,
			);
			dependencies = (
			);
			name = GAZL_ICC;
			productInstallPath = "$(HOME)/bin";
			productName = SillyVM;
			productReference = F7EEA9F7111A3E9D00F28AF0 /* GAZL_ICC */;
			productType = "com.apple.product-type.tool";
		};
		F7F16592113DD45E00E3BB44 /* GAZL 64bit */ = {
			isa = PBXNativeTarget;
			buildConfigurationList = F7F1659A113DD45E00E3BB44 /* Build configuration list for PBXNativeTarget "GAZL 64bit" */;
			buildPhases = (
				F7F16593113DD45E00E3BB44 /* Sources */,
				F7F16596113DD45E00E3BB44 /* Frameworks */,
				F7F16597113DD45E00E3BB44 /* CopyFiles */,
			);
			buildRules = (
				F7F16599113DD45E00E3BB44 /* PBXBuildRule */,
			);
			dependencies = (
			);
			name = "GAZL 64bit";
			productInstallPath = "$(HOME)/bin";
			productName = SillyVM;
			productReference = F7F1659D113DD45E00E3BB44 /* GAZL */;
			productType = "com.apple.product-type.tool";
		};
/* End PBXNativeTarget section */

/* Begin PBXProject section */
		08FB7793FE84155DC02AAC07 /* Project object */ = {
			isa = PBXProject;
			attributes = {
			};
			buildConfigurationList = 1DEB923508733DC60010E9CD /* Build configuration list for PBXProject "GAZL" */;
			compatibilityVersion = "Xcode 2.4";
			developmentRegion = English;
			hasScannedForEncodings = 1;
			knownRegions = (
				English,
				Japanese,
				French,
				German,
			);
			mainGroup = 08FB7794FE84155DC02AAC07 /* SillyVM */;
			productRefGroup = 08FB7794FE84155DC02AAC07 /* SillyVM */;
			projectDirPath = "";
			projectRoot = "";
			targets = (
				8DD76F620486A84900D96B5E /* GAZL */,
				F7EEA9EE111A3E9D00F28AF0 /* GAZL_ICC */,
				F7F16592113DD45E00E3BB44 /* GAZL 64bit */,
			);
		};
/* End PBXProject section */

/* Begin PBXSourcesBuildPhase section */
		8DD76F640486A84900D96B5E /* Sources */ = {
			isa = PBXSourcesBuildPhase;
			buildActionMask = 2147483647;
			files = (
				F7521E64113C598000B14E66 /* GAZLTest.cpp in Sources */,
				F7974F781158035B0021254B /* GAZL.cpp in Sources */,
			);
			runOnlyForDeploymentPostprocessing = 0;
		};
		F7EEA9EF111A3E9D00F28AF0 /* Sources */ = {
			isa = PBXSourcesBuildPhase;
			buildActionMask = 2147483647;
			files = (
				F7521E68113C598700B14E66 /* GAZLTest.cpp in Sources */,
				F7974F7A1158035B0021254B /* GAZL.cpp in Sources */,
			);
			runOnlyForDeploymentPostprocessing = 0;
		};
		F7F16593113DD45E00E3BB44 /* Sources */ = {
			isa = PBXSourcesBuildPhase;
			buildActionMask = 2147483647;
			files = (
				F7F16595113DD45E00E3BB44 /* GAZLTest.cpp in Sources */,
				F7974F7C1158035B0021254B /* GAZL.cpp in Sources */,
			);
			runOnlyForDeploymentPostprocessing = 0;
		};
/* End PBXSourcesBuildPhase section */

/* Begin XCBuildConfiguration section */
		1DEB923208733DC60010E9CD /* Debug */ = {
			isa = XCBuildConfiguration;
			buildSettings = {
				INSTALL_PATH = "$(HOME)/bin";
				PRODUCT_NAME = GAZL;
				SYMROOT = build/Mac/GCC;
			};
			name = Debug;
		};
		1DEB923308733DC60010E9CD /* Release */ = {
			isa = XCBuildConfiguration;
			buildSettings = {
				INSTALL_PATH = "$(HOME)/bin";
				PRODUCT_NAME = GAZL;
				SYMROOT = build/Mac/GCC;
			};
			name = Release;
		};
		1DEB923608733DC60010E9CD /* Debug */ = {
			isa = XCBuildConfiguration;
			buildSettings = {
				COPY_PHASE_STRIP = NO;
				DEBUG_INFORMATION_FORMAT = dwarf;
				GCC_DEBUGGING_SYMBOLS = full;
				GCC_DYNAMIC_NO_PIC = NO;
				GCC_MODEL_TUNING = G5;
				GCC_OPTIMIZATION_LEVEL = 0;
				GCC_WARN_ABOUT_RETURN_TYPE = YES;
				GCC_WARN_UNUSED_VARIABLE = YES;
				ICC_ANALIZE_INCLUDES = 0;
				ICC_CG_INITNAN = 0;
				ICC_DATA_ADDRCOMMON = "$(Default_ICC_DATA_ADDRCOMMON_value_$(GCC_NO_COMMON_BLOCKS))";
				ICC_DATA_ARG_ALIAS = 1;
				ICC_DATA_BSSINIT = 0;
				ICC_DATA_CONST_CONSTRAINT = 0;
				ICC_DATA_NO_ALIAS = 0;
				ICC_DATA_SHORTENUM = "$(GCC_SHORT_ENUMS)";
				ICC_DATA_STRCTALN = default;
				ICC_DATA_SYMVIS = "$(Default_ICC_DATA_SYMVIS_value_$(GCC_SYMBOLS_PRIVATE_EXTERN))";
				ICC_DATA_UNSIGNEDBIT = 0;
				ICC_DATA_UNSIGNEDCHAR = "$(Default_ICC_DATA_UNSIGNEDCHAR_value_$(GCC_CHAR_IS_UNSIGNED_CHAR))";
				ICC_DEBUG = "$(GCC_GENERATE_DEBUGGING_SYMBOLS)";
				ICC_DEFINES = "$(GCC_PREPROCESSOR_DEFINITIONS)";
				ICC_DIAGNOSTICS_FILE = "$(TEMP_DIR)/$(PRODUCT_NAME).diag";
				ICC_DIAG_AUTO_PARA = none;
				ICC_DIAG_EFFECTIVE_CPP = "$(GCC_WARN_EFFECTIVE_CPLUSPLUS_VIOLATIONS)";
				ICC_DIAG_ERRORLIMIT = "";
				ICC_DIAG_NON_VIRTUAL_DESTRUCTOR = "$(GCC_WARN_NON_VIRTUAL_DESTRUCTOR)";
				ICC_DIAG_OMP_REPORT = none;
				ICC_DIAG_USAGE_MSG = 0;
				ICC_DIAG_VEC_REPORT = none;
				ICC_DIAG_WARN_AS_ERROR = "$(GCC_TREAT_WARNINGS_AS_ERRORS)";
				ICC_DISABLE_DIAG = "";
				ICC_EMIT_DIAGNOSTICS_TO_FILE = 0;
				ICC_ENABLE_PASCAL_STRINGS = "$(GCC_ENABLE_PASCAL_STRINGS)";
				ICC_FP_CHKSTK = 0;
				ICC_FP_CONSISTANCY = 0;
				ICC_FP_DENORMAL_TO_ZERO = 0;
				ICC_FP_EXCEPT = 0;
				ICC_FP_LIMITRANGE = 0;
				ICC_FP_MODEL = default;
				ICC_FP_ROUND = 0;
				ICC_FP_SPECULATION = default;
				ICC_IGNORE_STD_INCLUDEDIR = 0;
				ICC_LANG_ANSI = "$(GCC_C_LANGUAGE_STANDARD)";
				ICC_LANG_ANSI_OPT = 0;
				ICC_LANG_MULTIBYTE = 1;
				ICC_LANG_OPENMP = disable;
				ICC_LANG_RESTRICT = 0;
				ICC_LOGO = 0;
				ICC_OPTLEVEL = "$(Default_ICC_OPTLEVEL_value_$(ICC_DEBUG))";
				ICC_OPT_AUTOPARALLEL_THRESHOLD = "";
				ICC_OPT_INLINE = default;
				ICC_OPT_INLINE_INTRINSIC = 0;
				ICC_OPT_IPO_FOR_SINGLE_FILE_COMPILATION = NO;
				ICC_OPT_LOOP_UNROLL = "";
				ICC_OPT_PARALLEL = 0;
				ICC_OPT_PREFETCH_INSERTION = 1;
				ICC_OPT_PROVIDE_FRAME_PTR = "$(Default_ICC_OPT_PROVIDE_FRAME_PTR_value_$(ICC_DEBUG))";
				ICC_OPT_REQUIRE_ARCH_IA32 = none;
				ICC_OPT_USE_ARCH_IA32 = none;
				ICC_OP_ASMFILE = 0;
				ICC_OTHER_CFLAGS = "$(OTHER_CFLAGS)";
				ICC_OTHER_CPLUSPLUSFLAGS = "$(ICC_OTHER_CFLAGS) $(OTHER_CPLUSPLUSFLAGS)";
				ICC_PRECOMPILE_PREFIX_HEADER = "$(GCC_PRECOMPILE_PREFIX_HEADER)";
				ICC_PREDEFINE_GCC = default;
				ICC_PREFIX_HEADER = "$(GCC_PREFIX_HEADER)";
				ICC_RT_CHECK_UNINIT = 0;
				ICC_RT_LIBRARY = default;
				ICC_RT_TRACEBACK = 0;
				ICC_STATIC_VERIFIER = default;
				ICC_UNDEFINES = "";
				ICC_UNDEFINE_ALL = 0;
				ICC_WARNLEVEL = warnings;
				PREBINDING = NO;
				SYMROOT = build/Mac;
				ZERO_LINK = YES;
			};
			name = Debug;
		};
		1DEB923708733DC60010E9CD /* Release */ = {
			isa = XCBuildConfiguration;
			buildSettings = {
				COPY_PHASE_STRIP = NO;
				DEAD_CODE_STRIPPING = YES;
				GCC_AUTO_VECTORIZATION = YES;
				GCC_DYNAMIC_NO_PIC = YES;
				GCC_ENABLE_CPP_RTTI = NO;
				GCC_ENABLE_SSE3_EXTENSIONS = YES;
				GCC_FAST_MATH = YES;
				GCC_GENERATE_DEBUGGING_SYMBOLS = YES;
				GCC_MODEL_TUNING = G5;
				GCC_OPTIMIZATION_LEVEL = 3;
				GCC_PREPROCESSOR_DEFINITIONS = NDEBUG;
				GCC_STRICT_ALIASING = YES;
				GCC_THREADSAFE_STATICS = NO;
				GCC_WARN_ABOUT_RETURN_TYPE = YES;
				GCC_WARN_UNUSED_VARIABLE = YES;
				ICC_ANALIZE_INCLUDES = 0;
				ICC_CG_INITNAN = 0;
				ICC_DATA_ADDRCOMMON = "$(Default_ICC_DATA_ADDRCOMMON_value_$(GCC_NO_COMMON_BLOCKS))";
				ICC_DATA_ARG_ALIAS = NO;
				ICC_DATA_BSSINIT = 0;
				ICC_DATA_CONST_CONSTRAINT = 0;
				ICC_DATA_NO_ALIAS = YES;
				ICC_DATA_SHORTENUM = "$(GCC_SHORT_ENUMS)";
				ICC_DATA_STRCTALN = default;
				ICC_DATA_SYMVIS = "$(Default_ICC_DATA_SYMVIS_value_$(GCC_SYMBOLS_PRIVATE_EXTERN))";
				ICC_DATA_UNSIGNEDBIT = 0;
				ICC_DATA_UNSIGNEDCHAR = "$(Default_ICC_DATA_UNSIGNEDCHAR_value_$(GCC_CHAR_IS_UNSIGNED_CHAR))";
				ICC_DEBUG = "$(GCC_GENERATE_DEBUGGING_SYMBOLS)";
				ICC_DEFINES = "$(GCC_PREPROCESSOR_DEFINITIONS)";
				ICC_DIAGNOSTICS_FILE = "$(TEMP_DIR)/$(PRODUCT_NAME).diag";
				ICC_DIAG_AUTO_PARA = none;
				ICC_DIAG_EFFECTIVE_CPP = "$(GCC_WARN_EFFECTIVE_CPLUSPLUS_VIOLATIONS)";
				ICC_DIAG_ERRORLIMIT = "";
				ICC_DIAG_NON_VIRTUAL_DESTRUCTOR = YES;
				ICC_DIAG_OMP_REPORT = none;
				ICC_DIAG_USAGE_MSG = 0;
				ICC_DIAG_VEC_REPORT = none;
				ICC_DIAG_WARN_AS_ERROR = "$(GCC_TREAT_WARNINGS_AS_ERRORS)";
				ICC_DISABLE_DIAG = "";
				ICC_EMIT_DIAGNOSTICS_TO_FILE = 0;
				ICC_ENABLE_PASCAL_STRINGS = "$(GCC_ENABLE_PASCAL_STRINGS)";
				ICC_FP_CHKSTK = 0;
				ICC_FP_CONSISTANCY = 0;
				ICC_FP_DENORMAL_TO_ZERO = 0;
				ICC_FP_EXCEPT = 0;
				ICC_FP_LIMITRANGE = 0;
				ICC_FP_MODEL = default;
				ICC_FP_ROUND = 0;
				ICC_FP_SPECULATION = default;
				ICC_IGNORE_STD_INCLUDEDIR = 0;
				ICC_LANG_ANSI = "$(GCC_C_LANGUAGE_STANDARD)";
				ICC_LANG_ANSI_OPT = 0;
				ICC_LANG_MULTIBYTE = 1;
				ICC_LANG_OPENMP = disable;
				ICC_LANG_RESTRICT = 0;
				ICC_LOGO = 0;
				ICC_OPTLEVEL = speedHLO;
				ICC_OPT_AUTOPARALLEL_THRESHOLD = "";
				ICC_OPT_INLINE = any;
				ICC_OPT_INLINE_INTRINSIC = 0;
				ICC_OPT_IPO_FOR_SINGLE_FILE_COMPILATION = YES;
				ICC_OPT_LOOP_UNROLL = "";
				ICC_OPT_PARALLEL = 0;
				ICC_OPT_PREFETCH_INSERTION = 1;
				ICC_OPT_PROVIDE_FRAME_PTR = "$(Default_ICC_OPT_PROVIDE_FRAME_PTR_value_$(ICC_DEBUG))";
				ICC_OPT_REQUIRE_ARCH_IA32 = archP;
				ICC_OPT_USE_ARCH_IA32 = archP;
				ICC_OP_ASMFILE = 0;
				ICC_PRECOMPILE_PREFIX_HEADER = "$(GCC_PRECOMPILE_PREFIX_HEADER)";
				ICC_PREDEFINE_GCC = default;
				ICC_PREFIX_HEADER = "$(GCC_PREFIX_HEADER)";
				ICC_RT_CHECK_UNINIT = 0;
				ICC_RT_LIBRARY = static;
				ICC_RT_TRACEBACK = 0;
				ICC_STATIC_VERIFIER = default;
				ICC_UNDEFINES = "";
				ICC_UNDEFINE_ALL = 0;
				ICC_WARNLEVEL = warnings;
				OTHER_CFLAGS = "-falign-loops=16";
				PREBINDING = NO;
				STRIP_INSTALLED_PRODUCT = YES;
				SYMROOT = build/Mac;
			};
			name = Release;
		};
		F72200FA155573430068AAA5 /* Beta */ = {
			isa = XCBuildConfiguration;
			buildSettings = {
				COPY_PHASE_STRIP = NO;
				DEAD_CODE_STRIPPING = YES;
				GCC_AUTO_VECTORIZATION = YES;
				GCC_DYNAMIC_NO_PIC = YES;
				GCC_ENABLE_CPP_RTTI = NO;
				GCC_ENABLE_SSE3_EXTENSIONS = YES;
				GCC_FAST_MATH = YES;
				GCC_GENERATE_DEBUGGING_SYMBOLS = YES;
				GCC_MODEL_TUNING = G5;
				GCC_OPTIMIZATION_LEVEL = 3;
				GCC_PREPROCESSOR_DEFINITIONS = "DEBUG=1";
				GCC_STRICT_ALIASING = YES;
				GCC_THREADSAFE_STATICS = NO;
				GCC_WARN_ABOUT_RETURN_TYPE = YES;
				GCC_WARN_UNUSED_VARIABLE = YES;
				ICC_ANALIZE_INCLUDES = 0;
				ICC_CG_INITNAN = 0;
				ICC_DATA_ADDRCOMMON = "$(Default_ICC_DATA_ADDRCOMMON_value_$(GCC_NO_COMMON_BLOCKS))";
				ICC_DATA_ARG_ALIAS = NO;
				ICC_DATA_BSSINIT = 0;
				ICC_DATA_CONST_CONSTRAINT = 0;
				ICC_DATA_NO_ALIAS = YES;
				ICC_DATA_SHORTENUM = "$(GCC_SHORT_ENUMS)";
				ICC_DATA_STRCTALN = default;
				ICC_DATA_SYMVIS = "$(Default_ICC_DATA_SYMVIS_value_$(GCC_SYMBOLS_PRIVATE_EXTERN))";
				ICC_DATA_UNSIGNEDBIT = 0;
				ICC_DATA_UNSIGNEDCHAR = "$(Default_ICC_DATA_UNSIGNEDCHAR_value_$(GCC_CHAR_IS_UNSIGNED_CHAR))";
				ICC_DEBUG = "$(GCC_GENERATE_DEBUGGING_SYMBOLS)";
				ICC_DEFINES = "$(GCC_PREPROCESSOR_DEFINITIONS)";
				ICC_DIAGNOSTICS_FILE = "$(TEMP_DIR)/$(PRODUCT_NAME).diag";
				ICC_DIAG_AUTO_PARA = none;
				ICC_DIAG_EFFECTIVE_CPP = "$(GCC_WARN_EFFECTIVE_CPLUSPLUS_VIOLATIONS)";
				ICC_DIAG_ERRORLIMIT = "";
				ICC_DIAG_NON_VIRTUAL_DESTRUCTOR = YES;
				ICC_DIAG_OMP_REPORT = none;
				ICC_DIAG_USAGE_MSG = 0;
				ICC_DIAG_VEC_REPORT = none;
				ICC_DIAG_WARN_AS_ERROR = "$(GCC_TREAT_WARNINGS_AS_ERRORS)";
				ICC_DISABLE_DIAG = "";
				ICC_EMIT_DIAGNOSTICS_TO_FILE = 0;
				ICC_ENABLE_PASCAL_STRINGS = "$(GCC_ENABLE_PASCAL_STRINGS)";
				ICC_FP_CHKSTK = 0;
				ICC_FP_CONSISTANCY = 0;
				ICC_FP_DENORMAL_TO_ZERO = 0;
				ICC_FP_EXCEPT = 0;
				ICC_FP_LIMITRANGE = 0;
				ICC_FP_MODEL = default;
				ICC_FP_ROUND = 0;
				ICC_FP_SPECULATION = default;
				ICC_IGNORE_STD_INCLUDEDIR = 0;
				ICC_LANG_ANSI = "$(GCC_C_LANGUAGE_STANDARD)";
				ICC_LANG_ANSI_OPT = 0;
				ICC_LANG_MULTIBYTE = 1;
				ICC_LANG_OPENMP = disable;
				ICC_LANG_RESTRICT = 0;
				ICC_LOGO = 0;
				ICC_OPTLEVEL = speedHLO;
				ICC_OPT_AUTOPARALLEL_THRESHOLD = "";
				ICC_OPT_INLINE = any;
				ICC_OPT_INLINE_INTRINSIC = 0;
				ICC_OPT_IPO_FOR_SINGLE_FILE_COMPILATION = YES;
				ICC_OPT_LOOP_UNROLL = "";
				ICC_OPT_PARALLEL = 0;
				ICC_OPT_PREFETCH_INSERTION = 1;
				ICC_OPT_PROVIDE_FRAME_PTR = "$(Default_ICC_OPT_PROVIDE_FRAME_PTR_value_$(ICC_DEBUG))";
				ICC_OPT_REQUIRE_ARCH_IA32 = archP;
				ICC_OPT_USE_ARCH_IA32 = archP;
				ICC_OP_ASMFILE = 0;
				ICC_PRECOMPILE_PREFIX_HEADER = "$(GCC_PRECOMPILE_PREFIX_HEADER)";
				ICC_PREDEFINE_GCC = default;
				ICC_PREFIX_HEADER = "$(GCC_PREFIX_HEADER)";
				ICC_RT_CHECK_UNINIT = 0;
				ICC_RT_LIBRARY = static;
				ICC_RT_TRACEBACK = 0;
				ICC_STATIC_VERIFIER = default;
				ICC_UNDEFINES = "";
				ICC_UNDEFINE_ALL = 0;
				ICC_WARNLEVEL = warnings;
				OTHER_CFLAGS = "-falign-loops=16";
				PREBINDING = NO;
				STRIP_INSTALLED_PRODUCT = YES;
				SYMROOT = build/Mac;
			};
			name = Beta;
		};
		F72200FB155573430068AAA5 /* Beta */ = {
			isa = XCBuildConfiguration;
			buildSettings = {
				INSTALL_PATH = "$(HOME)/bin";
				PRODUCT_NAME = GAZL;
				SYMROOT = build/Mac/GCC;
			};
			name = Beta;
		};
		F72200FC155573430068AAA5 /* Beta */ = {
			isa = XCBuildConfiguration;
			buildSettings = {
				INSTALL_PATH = "$(HOME)/bin";
				PRODUCT_NAME = GAZL_ICC;
				STANDARD_C_PLUS_PLUS_LIBRARY_TYPE = static;
				SYMROOT = build/Mac/ICC;
			};
			name = Beta;
		};
		F72200FD155573430068AAA5 /* Beta */ = {
			isa = XCBuildConfiguration;
			buildSettings = {
				ARCHS = x86_64;
				GCC_VERSION = 4.2;
				INSTALL_PATH = "$(HOME)/bin";
				PRODUCT_NAME = GAZL;
				SDKROOT = /Developer/SDKs/MacOSX10.5.sdk;
				SYMROOT = build/Mac/GCC64;
			};
			name = Beta;
		};
		F7EEA9F5111A3E9D00F28AF0 /* Debug */ = {
			isa = XCBuildConfiguration;
			buildSettings = {
				INSTALL_PATH = "$(HOME)/bin";
				PRODUCT_NAME = GAZL_ICC;
				SYMROOT = build/Mac/ICC;
			};
			name = Debug;
		};
		F7EEA9F6111A3E9D00F28AF0 /* Release */ = {
			isa = XCBuildConfiguration;
			buildSettings = {
				INSTALL_PATH = "$(HOME)/bin";
				PRODUCT_NAME = GAZL_ICC;
				STANDARD_C_PLUS_PLUS_LIBRARY_TYPE = static;
				SYMROOT = build/Mac/ICC;
			};
			name = Release;
		};
		F7F1659B113DD45E00E3BB44 /* Debug */ = {
			isa = XCBuildConfiguration;
			buildSettings = {
				ARCHS = x86_64;
				GCC_VERSION = 4.2;
				INSTALL_PATH = "$(HOME)/bin";
				PRODUCT_NAME = GAZL;
				SDKROOT = /Developer/SDKs/MacOSX10.5.sdk;
				SYMROOT = build/Mac/GCC64;
			};
			name = Debug;
		};
		F7F1659C113DD45E00E3BB44 /* Release */ = {
			isa = XCBuildConfiguration;
			buildSettings = {
				ARCHS = x86_64;
				GCC_VERSION = 4.2;
				INSTALL_PATH = "$(HOME)/bin";
				PRODUCT_NAME = GAZL;
				SDKROOT = /Developer/SDKs/MacOSX10.5.sdk;
				SYMROOT = build/Mac/GCC64;
			};
			name = Release;
		};
/* End XCBuildConfiguration section */

/* Begin XCConfigurationList section */
		1DEB923108733DC60010E9CD /* Build configuration list for PBXNativeTarget "GAZL" */ = {
			isa = XCConfigurationList;
			buildConfigurations = (
				1DEB923208733DC60010E9CD /* Debug */,
				1DEB923308733DC60010E9CD /* Release */,
				F72200FB155573430068AAA5 /* Beta */,
			);
			defaultConfigurationIsVisible = 0;
			defaultConfigurationName = Release;
		};
		1DEB923508733DC60010E9CD /* Build configuration list for PBXProject "GAZL" */ = {
			isa = XCConfigurationList;
			buildConfigurations = (
				1DEB923608733DC60010E9CD /* Debug */,
				1DEB923708733DC60010E9CD /* Release */,
				F72200FA155573430068AAA5 /* Beta */,
			);
			defaultConfigurationIsVisible = 0;
			defaultConfigurationName = Release;
		};
		F7EEA9F4111A3E9D00F28AF0 /* Build configuration list for PBXNativeTarget "GAZL_ICC" */ = {
			isa = XCConfigurationList;
			buildConfigurations = (
				F7EEA9F5111A3E9D00F28AF0 /* Debug */,
				F7EEA9F6111A3E9D00F28AF0 /* Release */,
				F72200FC155573430068AAA5 /* Beta */,
			);
			defaultConfigurationIsVisible = 0;
			defaultConfigurationName = Release;
		};
		F7F1659A113DD45E00E3BB44 /* Build configuration list for PBXNativeTarget "GAZL 64bit" */ = {
			isa = XCConfigurationList;
			buildConfigurations = (
				F7F1659B113DD45E00E3BB44 /* Debug */,
				F7F1659C113DD45E00E3BB44 /* Release */,
				F72200FD155573430068AAA5 /* Beta */,
			);
			defaultConfigurationIsVisible = 0;
			defaultConfigurationName = Release;
		};
/* End XCConfigurationList section */
	};
	rootObject = 08FB7793FE84155DC02AAC07 /* Project object */;
}
